{
	"name": "ion-camera",
	"version": "0.0.1",
	"lockfileVersion": 1,
	"requires": true,
	"dependencies": {
		"@ionic-native/camera": {
			"version": "5.26.0",
			"resolved": "https://registry.npmjs.org/@ionic-native/camera/-/camera-5.26.0.tgz",
			"integrity": "sha512-x1ZhuH/PxXBXk0No+bk+Ac8XKJaPWFhQ+BaYeNoEFQKZVbHJUpc5ghapEl8sLp5okUAA1EN0vWIPOkll+XB3eA==",
			"requires": {
				"@types/cordova": "^0.0.34"
			}
		},
		"@ionic-native/core": {
			"version": "5.26.0",
			"resolved": "https://registry.npmjs.org/@ionic-native/core/-/core-5.26.0.tgz",
			"integrity": "sha512-o+JtcoHD32aRxowL+1xEnEwH18ma45KyNtdCxgTCSCH5RgxVQrWWIyhKeOamUtXlIpfOV559VOmegr2Y9e5KYQ==",
			"requires": {
				"@types/cordova": "^0.0.34"
			}
		},
		"@ionic-native/ionic-webview": {
			"version": "5.26.0",
			"resolved": "https://registry.npmjs.org/@ionic-native/ionic-webview/-/ionic-webview-5.26.0.tgz",
			"integrity": "sha512-N9PlMaCq0SwHO3yNU3h1rr8JlFAaSA0S1PALVbOOz3YCbk8ABgmG4wBfyT5Sxdc+6hdgAr3/W2d8XG1sqQIjpA==",
			"requires": {
				"@types/cordova": "^0.0.34"
			}
		},
		"@types/cordova": {
			"version": "0.0.34",
			"resolved": "https://registry.npmjs.org/@types/cordova/-/cordova-0.0.34.tgz",
			"integrity": "sha1-6nrd907Ow9dimCegw54smt3HPQQ="
		}
	}
}
